
Microsoft Visual Studio Solution File, Format Version 12.00
# Visual Studio Version 17
VisualStudioVersion = 17.8.34316.72
MinimumVisualStudioVersion = 10.0.40219.1
Project("{FAE04EC0-301F-11D3-BF4B-00C04F79EFBC}") = "Escola", "Escola\Escola.csproj", "{B2D7A5C8-570B-429B-9E3E-5EB65D1BEA25}"
EndProject
Global
	GlobalSection(SolutionConfigurationPlatforms) = preSolution
		Debug|Any CPU = Debug|Any CPU
		Release|Any CPU = Release|Any CPU
	EndGlobalSection
	GlobalSection(ProjectConfigurationPlatforms) = postSolution
		{B2D7A5C8-570B-429B-9E3E-5EB65D1BEA25}.Debug|Any CPU.ActiveCfg = Debug|Any CPU
		{B2D7A5C8-570B-429B-9E3E-5EB65D1BEA25}.Debug|Any CPU.Build.0 = Debug|Any CPU
		{B2D7A5C8-570B-429B-9E3E-5EB65D1BEA25}.Release|Any CPU.ActiveCfg = Release|Any CPU
		{B2D7A5C8-570B-429B-9E3E-5EB65D1BEA25}.Release|Any CPU.Build.0 = Release|Any CPU
	EndGlobalSection
	GlobalSection(SolutionProperties) = preSolution
		HideSolutionNode = FALSE
	EndGlobalSection
	GlobalSection(ExtensibilityGlobals) = postSolution
		SolutionGuid = {B71C56F8-906C-4C72-BAFC-5977D9B1E56B}
	EndGlobalSection
EndGlobal
